// !$*UTF8*$!
{
	archiveVersion = 1;
	classes = {
	};
	objectVersion = 46;
	objects = {

/* Begin PBXBuildFile section */
		1E67832518A68F75004C346E /* CBPBackgroundTask.m in Sources */ = {isa = PBXBuildFile; fileRef = 1E67831218A68F75004C346E /* CBPBackgroundTask.m */; };
		1E67832618A68F75004C346E /* CBPBackgroundTask.m in Sources */ = {isa = PBXBuildFile; fileRef = 1E67831218A68F75004C346E /* CBPBackgroundTask.m */; };
		1E67832718A68F75004C346E /* CBPDeref.m in Sources */ = {isa = PBXBuildFile; fileRef = 1E67831518A68F75004C346E /* CBPDeref.m */; };
		1E67832818A68F75004C346E /* CBPDeref.m in Sources */ = {isa = PBXBuildFile; fileRef = 1E67831518A68F75004C346E /* CBPDeref.m */; };
		1E67832918A68F75004C346E /* CBPFuture.m in Sources */ = {isa = PBXBuildFile; fileRef = 1E67831A18A68F75004C346E /* CBPFuture.m */; };
		1E67832A18A68F75004C346E /* CBPFuture.m in Sources */ = {isa = PBXBuildFile; fileRef = 1E67831A18A68F75004C346E /* CBPFuture.m */; };
		1E67832B18A68F75004C346E /* CBPPromise.m in Sources */ = {isa = PBXBuildFile; fileRef = 1E67831C18A68F75004C346E /* CBPPromise.m */; };
		1E67832C18A68F75004C346E /* CBPPromise.m in Sources */ = {isa = PBXBuildFile; fileRef = 1E67831C18A68F75004C346E /* CBPPromise.m */; };
		1E67832D18A68F75004C346E /* NSArray+CBPExtensions.m in Sources */ = {isa = PBXBuildFile; fileRef = 1E67832018A68F75004C346E /* NSArray+CBPExtensions.m */; };
		1E67832E18A68F75004C346E /* NSArray+CBPExtensions.m in Sources */ = {isa = PBXBuildFile; fileRef = 1E67832018A68F75004C346E /* NSArray+CBPExtensions.m */; };
		1E67832F18A68F75004C346E /* NSMutableArray+CBPExtensions.m in Sources */ = {isa = PBXBuildFile; fileRef = 1E67832218A68F75004C346E /* NSMutableArray+CBPExtensions.m */; };
		1E67833018A68F75004C346E /* NSMutableArray+CBPExtensions.m in Sources */ = {isa = PBXBuildFile; fileRef = 1E67832218A68F75004C346E /* NSMutableArray+CBPExtensions.m */; };
		1E67833118A68F75004C346E /* NSThread+CBPExtensions.m in Sources */ = {isa = PBXBuildFile; fileRef = 1E67832418A68F75004C346E /* NSThread+CBPExtensions.m */; };
		1E67833218A68F75004C346E /* NSThread+CBPExtensions.m in Sources */ = {isa = PBXBuildFile; fileRef = 1E67832418A68F75004C346E /* NSThread+CBPExtensions.m */; };
		1E67833518A69030004C346E /* CBPTask.m in Sources */ = {isa = PBXBuildFile; fileRef = 1E67833418A69030004C346E /* CBPTask.m */; };
		1E67833618A69030004C346E /* CBPTask.m in Sources */ = {isa = PBXBuildFile; fileRef = 1E67833418A69030004C346E /* CBPTask.m */; };
		3EFF9157184A2F550082E11C /* Foundation.framework in Frameworks */ = {isa = PBXBuildFile; fileRef = 3EFF9156184A2F550082E11C /* Foundation.framework */; };
		3EFF9165184A2F550082E11C /* XCTest.framework in Frameworks */ = {isa = PBXBuildFile; fileRef = 3EFF9164184A2F550082E11C /* XCTest.framework */; };
		3EFF9166184A2F550082E11C /* Foundation.framework in Frameworks */ = {isa = PBXBuildFile; fileRef = 3EFF9156184A2F550082E11C /* Foundation.framework */; };
		3EFF9168184A2F550082E11C /* UIKit.framework in Frameworks */ = {isa = PBXBuildFile; fileRef = 3EFF9167184A2F550082E11C /* UIKit.framework */; };
		3EFF916B184A2F550082E11C /* libCBPFoundation.a in Frameworks */ = {isa = PBXBuildFile; fileRef = 3EFF9153184A2F550082E11C /* libCBPFoundation.a */; };
		3EFF9171184A2F550082E11C /* InfoPlist.strings in Resources */ = {isa = PBXBuildFile; fileRef = 3EFF916F184A2F550082E11C /* InfoPlist.strings */; };
		3EFF9173184A2F550082E11C /* CBPFoundationTests.m in Sources */ = {isa = PBXBuildFile; fileRef = 3EFF9172184A2F550082E11C /* CBPFoundationTests.m */; };
/* End PBXBuildFile section */

/* Begin PBXContainerItemProxy section */
		3EFF9169184A2F550082E11C /* PBXContainerItemProxy */ = {
			isa = PBXContainerItemProxy;
			containerPortal = 3EFF914B184A2F550082E11C /* Project object */;
			proxyType = 1;
			remoteGlobalIDString = 3EFF9152184A2F550082E11C;
			remoteInfo = CBPFoundation;
		};
/* End PBXContainerItemProxy section */

/* Begin PBXCopyFilesBuildPhase section */
		3EFF9151184A2F550082E11C /* CopyFiles */ = {
			isa = PBXCopyFilesBuildPhase;
			buildActionMask = 2147483647;
			dstPath = "include/$(PRODUCT_NAME)";
			dstSubfolderSpec = 16;
			files = (
			);
			runOnlyForDeploymentPostprocessing = 0;
		};
/* End PBXCopyFilesBuildPhase section */

/* Begin PBXFileReference section */
		1E67831118A68F75004C346E /* CBPBackgroundTask.h */ = {isa = PBXFileReference; fileEncoding = 4; lastKnownFileType = sourcecode.c.h; path = CBPBackgroundTask.h; sourceTree = "<group>"; };
		1E67831218A68F75004C346E /* CBPBackgroundTask.m */ = {isa = PBXFileReference; fileEncoding = 4; lastKnownFileType = sourcecode.c.objc; path = CBPBackgroundTask.m; sourceTree = "<group>"; };
		1E67831318A68F75004C346E /* CBPCollectionTypes.h */ = {isa = PBXFileReference; fileEncoding = 4; lastKnownFileType = sourcecode.c.h; path = CBPCollectionTypes.h; sourceTree = "<group>"; };
		1E67831418A68F75004C346E /* CBPDeref.h */ = {isa = PBXFileReference; fileEncoding = 4; lastKnownFileType = sourcecode.c.h; path = CBPDeref.h; sourceTree = "<group>"; };
		1E67831518A68F75004C346E /* CBPDeref.m */ = {isa = PBXFileReference; fileEncoding = 4; lastKnownFileType = sourcecode.c.objc; path = CBPDeref.m; sourceTree = "<group>"; };
		1E67831618A68F75004C346E /* CBPDerefSubclass.h */ = {isa = PBXFileReference; fileEncoding = 4; lastKnownFileType = sourcecode.c.h; path = CBPDerefSubclass.h; sourceTree = "<group>"; };
		1E67831818A68F75004C346E /* CBPFoundation.h */ = {isa = PBXFileReference; fileEncoding = 4; lastKnownFileType = sourcecode.c.h; path = CBPFoundation.h; sourceTree = "<group>"; };
		1E67831918A68F75004C346E /* CBPFuture.h */ = {isa = PBXFileReference; fileEncoding = 4; lastKnownFileType = sourcecode.c.h; path = CBPFuture.h; sourceTree = "<group>"; };
		1E67831A18A68F75004C346E /* CBPFuture.m */ = {isa = PBXFileReference; fileEncoding = 4; lastKnownFileType = sourcecode.c.objc; path = CBPFuture.m; sourceTree = "<group>"; };
		1E67831B18A68F75004C346E /* CBPPromise.h */ = {isa = PBXFileReference; fileEncoding = 4; lastKnownFileType = sourcecode.c.h; path = CBPPromise.h; sourceTree = "<group>"; };
		1E67831C18A68F75004C346E /* CBPPromise.m */ = {isa = PBXFileReference; fileEncoding = 4; lastKnownFileType = sourcecode.c.objc; path = CBPPromise.m; sourceTree = "<group>"; };
		1E67831D18A68F75004C346E /* CBPRuntime.h */ = {isa = PBXFileReference; fileEncoding = 4; lastKnownFileType = sourcecode.c.h; path = CBPRuntime.h; sourceTree = "<group>"; };
		1E67831E18A68F75004C346E /* CBPSynchronizationPrimitives.h */ = {isa = PBXFileReference; fileEncoding = 4; lastKnownFileType = sourcecode.c.h; path = CBPSynchronizationPrimitives.h; sourceTree = "<group>"; };
		1E67831F18A68F75004C346E /* NSArray+CBPExtensions.h */ = {isa = PBXFileReference; fileEncoding = 4; lastKnownFileType = sourcecode.c.h; path = "NSArray+CBPExtensions.h"; sourceTree = "<group>"; };
		1E67832018A68F75004C346E /* NSArray+CBPExtensions.m */ = {isa = PBXFileReference; fileEncoding = 4; lastKnownFileType = sourcecode.c.objc; path = "NSArray+CBPExtensions.m"; sourceTree = "<group>"; };
		1E67832118A68F75004C346E /* NSMutableArray+CBPExtensions.h */ = {isa = PBXFileReference; fileEncoding = 4; lastKnownFileType = sourcecode.c.h; path = "NSMutableArray+CBPExtensions.h"; sourceTree = "<group>"; };
		1E67832218A68F75004C346E /* NSMutableArray+CBPExtensions.m */ = {isa = PBXFileReference; fileEncoding = 4; lastKnownFileType = sourcecode.c.objc; path = "NSMutableArray+CBPExtensions.m"; sourceTree = "<group>"; };
		1E67832318A68F75004C346E /* NSThread+CBPExtensions.h */ = {isa = PBXFileReference; fileEncoding = 4; lastKnownFileType = sourcecode.c.h; path = "NSThread+CBPExtensions.h"; sourceTree = "<group>"; };
		1E67832418A68F75004C346E /* NSThread+CBPExtensions.m */ = {isa = PBXFileReference; fileEncoding = 4; lastKnownFileType = sourcecode.c.objc; path = "NSThread+CBPExtensions.m"; sourceTree = "<group>"; };
		1E67833318A69030004C346E /* CBPTask.h */ = {isa = PBXFileReference; fileEncoding = 4; lastKnownFileType = sourcecode.c.h; path = CBPTask.h; sourceTree = "<group>"; };
		1E67833418A69030004C346E /* CBPTask.m */ = {isa = PBXFileReference; fileEncoding = 4; lastKnownFileType = sourcecode.c.objc; path = CBPTask.m; sourceTree = "<group>"; };
		3EB13C42184AB0A30089FFB2 /* CBPFoundation-Prefix.pch */ = {isa = PBXFileReference; fileEncoding = 4; lastKnownFileType = sourcecode.c.h; path = "CBPFoundation-Prefix.pch"; sourceTree = "<group>"; };
		3EFF9153184A2F550082E11C /* libCBPFoundation.a */ = {isa = PBXFileReference; explicitFileType = archive.ar; includeInIndex = 0; path = libCBPFoundation.a; sourceTree = BUILT_PRODUCTS_DIR; };
		3EFF9156184A2F550082E11C /* Foundation.framework */ = {isa = PBXFileReference; lastKnownFileType = wrapper.framework; name = Foundation.framework; path = System/Library/Frameworks/Foundation.framework; sourceTree = SDKROOT; };
		3EFF9163184A2F550082E11C /* CBPFoundationTests.xctest */ = {isa = PBXFileReference; explicitFileType = wrapper.cfbundle; includeInIndex = 0; path = CBPFoundationTests.xctest; sourceTree = BUILT_PRODUCTS_DIR; };
		3EFF9164184A2F550082E11C /* XCTest.framework */ = {isa = PBXFileReference; lastKnownFileType = wrapper.framework; name = XCTest.framework; path = Library/Frameworks/XCTest.framework; sourceTree = DEVELOPER_DIR; };
		3EFF9167184A2F550082E11C /* UIKit.framework */ = {isa = PBXFileReference; lastKnownFileType = wrapper.framework; name = UIKit.framework; path = Library/Frameworks/UIKit.framework; sourceTree = DEVELOPER_DIR; };
		3EFF916E184A2F550082E11C /* CBPFoundationTests-Info.plist */ = {isa = PBXFileReference; lastKnownFileType = text.plist.xml; path = "CBPFoundationTests-Info.plist"; sourceTree = "<group>"; };
		3EFF9170184A2F550082E11C /* en */ = {isa = PBXFileReference; lastKnownFileType = text.plist.strings; name = en; path = en.lproj/InfoPlist.strings; sourceTree = "<group>"; };
		3EFF9172184A2F550082E11C /* CBPFoundationTests.m */ = {isa = PBXFileReference; lastKnownFileType = sourcecode.c.objc; path = CBPFoundationTests.m; sourceTree = "<group>"; };
/* End PBXFileReference section */

/* Begin PBXFrameworksBuildPhase section */
		3EFF9150184A2F550082E11C /* Frameworks */ = {
			isa = PBXFrameworksBuildPhase;
			buildActionMask = 2147483647;
			files = (
				3EFF9157184A2F550082E11C /* Foundation.framework in Frameworks */,
			);
			runOnlyForDeploymentPostprocessing = 0;
		};
		3EFF9160184A2F550082E11C /* Frameworks */ = {
			isa = PBXFrameworksBuildPhase;
			buildActionMask = 2147483647;
			files = (
				3EFF916B184A2F550082E11C /* libCBPFoundation.a in Frameworks */,
				3EFF9165184A2F550082E11C /* XCTest.framework in Frameworks */,
				3EFF9168184A2F550082E11C /* UIKit.framework in Frameworks */,
				3EFF9166184A2F550082E11C /* Foundation.framework in Frameworks */,
			);
			runOnlyForDeploymentPostprocessing = 0;
		};
/* End PBXFrameworksBuildPhase section */

/* Begin PBXGroup section */
		1E6308B518A698F2001B7009 /* Collection Extensions */ = {
			isa = PBXGroup;
			children = (
				1E67831318A68F75004C346E /* CBPCollectionTypes.h */,
				1E67831F18A68F75004C346E /* NSArray+CBPExtensions.h */,
				1E67832018A68F75004C346E /* NSArray+CBPExtensions.m */,
				1E67832118A68F75004C346E /* NSMutableArray+CBPExtensions.h */,
				1E67832218A68F75004C346E /* NSMutableArray+CBPExtensions.m */,
			);
			name = "Collection Extensions";
			sourceTree = "<group>";
		};
		1E6308B618A6999A001B7009 /* Synchronization */ = {
			isa = PBXGroup;
			children = (
				1E67831E18A68F75004C346E /* CBPSynchronizationPrimitives.h */,
				1E67831418A68F75004C346E /* CBPDeref.h */,
				1E67831518A68F75004C346E /* CBPDeref.m */,
				1E67831618A68F75004C346E /* CBPDerefSubclass.h */,
				1E67831918A68F75004C346E /* CBPFuture.h */,
				1E67831A18A68F75004C346E /* CBPFuture.m */,
				1E67831B18A68F75004C346E /* CBPPromise.h */,
				1E67831C18A68F75004C346E /* CBPPromise.m */,
			);
			name = Synchronization;
			sourceTree = "<group>";
		};
		1E6308B718A69A1D001B7009 /* Thread Extensions */ = {
			isa = PBXGroup;
			children = (
				1E67832318A68F75004C346E /* NSThread+CBPExtensions.h */,
				1E67832418A68F75004C346E /* NSThread+CBPExtensions.m */,
			);
			name = "Thread Extensions";
			sourceTree = "<group>";
		};
		1E67833718A69401004C346E /* Tasks */ = {
			isa = PBXGroup;
			children = (
				1E67833318A69030004C346E /* CBPTask.h */,
				1E67833418A69030004C346E /* CBPTask.m */,
				1E67831118A68F75004C346E /* CBPBackgroundTask.h */,
				1E67831218A68F75004C346E /* CBPBackgroundTask.m */,
			);
			name = Tasks;
			sourceTree = "<group>";
		};
		3EFF914A184A2F550082E11C = {
			isa = PBXGroup;
			children = (
				3EFF9158184A2F550082E11C /* CBPFoundation */,
				3EFF916C184A2F550082E11C /* CBPFoundationTests */,
				3EFF9155184A2F550082E11C /* Frameworks */,
				3EFF9154184A2F550082E11C /* Products */,
			);
			sourceTree = "<group>";
		};
		3EFF9154184A2F550082E11C /* Products */ = {
			isa = PBXGroup;
			children = (
				3EFF9153184A2F550082E11C /* libCBPFoundation.a */,
				3EFF9163184A2F550082E11C /* CBPFoundationTests.xctest */,
			);
			name = Products;
			sourceTree = "<group>";
		};
		3EFF9155184A2F550082E11C /* Frameworks */ = {
			isa = PBXGroup;
			children = (
				3EFF9156184A2F550082E11C /* Foundation.framework */,
				3EFF9164184A2F550082E11C /* XCTest.framework */,
				3EFF9167184A2F550082E11C /* UIKit.framework */,
			);
			name = Frameworks;
			sourceTree = "<group>";
		};
		3EFF9158184A2F550082E11C /* CBPFoundation */ = {
			isa = PBXGroup;
			children = (
				1E67831818A68F75004C346E /* CBPFoundation.h */,
				1E67831D18A68F75004C346E /* CBPRuntime.h */,
				1E6308B718A69A1D001B7009 /* Thread Extensions */,
				1E6308B618A6999A001B7009 /* Synchronization */,
				1E6308B518A698F2001B7009 /* Collection Extensions */,
				1E67833718A69401004C346E /* Tasks */,
				3EFF9159184A2F550082E11C /* Supporting Files */,
			);
			path = CBPFoundation;
			sourceTree = "<group>";
		};
		3EFF9159184A2F550082E11C /* Supporting Files */ = {
			isa = PBXGroup;
			children = (
				3EB13C42184AB0A30089FFB2 /* CBPFoundation-Prefix.pch */,
			);
			name = "Supporting Files";
			sourceTree = "<group>";
		};
		3EFF916C184A2F550082E11C /* CBPFoundationTests */ = {
			isa = PBXGroup;
			children = (
				3EFF9172184A2F550082E11C /* CBPFoundationTests.m */,
				3EFF916D184A2F550082E11C /* Supporting Files */,
			);
			path = CBPFoundationTests;
			sourceTree = "<group>";
		};
		3EFF916D184A2F550082E11C /* Supporting Files */ = {
			isa = PBXGroup;
			children = (
				3EFF916E184A2F550082E11C /* CBPFoundationTests-Info.plist */,
				3EFF916F184A2F550082E11C /* InfoPlist.strings */,
			);
			name = "Supporting Files";
			sourceTree = "<group>";
		};
/* End PBXGroup section */

/* Begin PBXNativeTarget section */
		3EFF9152184A2F550082E11C /* CBPFoundation */ = {
			isa = PBXNativeTarget;
			buildConfigurationList = 3EFF9176184A2F550082E11C /* Build configuration list for PBXNativeTarget "CBPFoundation" */;
			buildPhases = (
				3EFF914F184A2F550082E11C /* Sources */,
				3EFF9150184A2F550082E11C /* Frameworks */,
				3EFF9151184A2F550082E11C /* CopyFiles */,
				OBJCLEANCUSTOMRUNSCRIPTT /* Objective-Clean Run Script */,
			);
			buildRules = (
			);
			dependencies = (
			);
			name = CBPFoundation;
			productName = CBPFoundation;
			productReference = 3EFF9153184A2F550082E11C /* libCBPFoundation.a */;
			productType = "com.apple.product-type.library.static";
		};
		3EFF9162184A2F550082E11C /* CBPFoundationTests */ = {
			isa = PBXNativeTarget;
			buildConfigurationList = 3EFF9179184A2F550082E11C /* Build configuration list for PBXNativeTarget "CBPFoundationTests" */;
			buildPhases = (
				3EFF915F184A2F550082E11C /* Sources */,
				3EFF9160184A2F550082E11C /* Frameworks */,
				3EFF9161184A2F550082E11C /* Resources */,
				OBJCLEANCUSTOMRUNSCRIPTT /* Objective-Clean Run Script */,
			);
			buildRules = (
			);
			dependencies = (
				3EFF916A184A2F550082E11C /* PBXTargetDependency */,
			);
			name = CBPFoundationTests;
			productName = CBPFoundationTests;
			productReference = 3EFF9163184A2F550082E11C /* CBPFoundationTests.xctest */;
			productType = "com.apple.product-type.bundle.unit-test";
		};
/* End PBXNativeTarget section */

/* Begin PBXProject section */
		3EFF914B184A2F550082E11C /* Project object */ = {
			isa = PBXProject;
			attributes = {
				LastUpgradeCheck = 0510;
				ORGANIZATIONNAME = SMD;
			};
			buildConfigurationList = 3EFF914E184A2F550082E11C /* Build configuration list for PBXProject "CBPFoundation" */;
			compatibilityVersion = "Xcode 3.2";
			developmentRegion = English;
			hasScannedForEncodings = 0;
			knownRegions = (
				en,
			);
			mainGroup = 3EFF914A184A2F550082E11C;
			productRefGroup = 3EFF9154184A2F550082E11C /* Products */;
			projectDirPath = "";
			projectRoot = "";
			targets = (
				3EFF9152184A2F550082E11C /* CBPFoundation */,
				3EFF9162184A2F550082E11C /* CBPFoundationTests */,
			);
		};
/* End PBXProject section */

/* Begin PBXResourcesBuildPhase section */
		3EFF9161184A2F550082E11C /* Resources */ = {
			isa = PBXResourcesBuildPhase;
			buildActionMask = 2147483647;
			files = (
				3EFF9171184A2F550082E11C /* InfoPlist.strings in Resources */,
			);
			runOnlyForDeploymentPostprocessing = 0;
		};
/* End PBXResourcesBuildPhase section */

/* Begin PBXShellScriptBuildPhase section */
		OBJCLEANCUSTOMRUNSCRIPTT /* Objective-Clean Run Script */ = {
			isa = PBXShellScriptBuildPhase;
			buildActionMask = 2147483647;
			files = (
			);
			inputPaths = (
			);
			name = "Objective-Clean Run Script";
			outputPaths = (
			);
			runOnlyForDeploymentPostprocessing = 0;
			shellPath = /bin/sh;
			shellScript = "if [[ -z ${SKIP_OBJCLEAN} || ${SKIP_OBJCLEAN} != 1 ]]; then\nif [[ -d \"${LOCAL_APPS_DIR}/Objective-Clean.app\" ]]; then \n\"${LOCAL_APPS_DIR}\"/Objective-Clean.app/Contents/Resources/ObjClean.app/Contents/MacOS/ObjClean \"${SRCROOT}\" \nelse\necho \"warning: You have to install and set up Objective-Clean to use its features!\" \nfi\nfi";
		};
/* End PBXShellScriptBuildPhase section */

/* Begin PBXSourcesBuildPhase section */
		3EFF914F184A2F550082E11C /* Sources */ = {
			isa = PBXSourcesBuildPhase;
			buildActionMask = 2147483647;
			files = (
				1E67832718A68F75004C346E /* CBPDeref.m in Sources */,
				1E67832918A68F75004C346E /* CBPFuture.m in Sources */,
				1E67832518A68F75004C346E /* CBPBackgroundTask.m in Sources */,
				1E67832B18A68F75004C346E /* CBPPromise.m in Sources */,
				1E67833518A69030004C346E /* CBPTask.m in Sources */,
				1E67833118A68F75004C346E /* NSThread+CBPExtensions.m in Sources */,
				1E67832D18A68F75004C346E /* NSArray+CBPExtensions.m in Sources */,
				1E67832F18A68F75004C346E /* NSMutableArray+CBPExtensions.m in Sources */,
			);
			runOnlyForDeploymentPostprocessing = 0;
		};
		3EFF915F184A2F550082E11C /* Sources */ = {
			isa = PBXSourcesBuildPhase;
			buildActionMask = 2147483647;
			files = (
				1E67833018A68F75004C346E /* NSMutableArray+CBPExtensions.m in Sources */,
				1E67832E18A68F75004C346E /* NSArray+CBPExtensions.m in Sources */,
				1E67833618A69030004C346E /* CBPTask.m in Sources */,
				1E67832618A68F75004C346E /* CBPBackgroundTask.m in Sources */,
				1E67832818A68F75004C346E /* CBPDeref.m in Sources */,
				1E67832A18A68F75004C346E /* CBPFuture.m in Sources */,
				1E67832C18A68F75004C346E /* CBPPromise.m in Sources */,
				1E67833218A68F75004C346E /* NSThread+CBPExtensions.m in Sources */,
				3EFF9173184A2F550082E11C /* CBPFoundationTests.m in Sources */,
			);
			runOnlyForDeploymentPostprocessing = 0;
		};
/* End PBXSourcesBuildPhase section */

/* Begin PBXTargetDependency section */
		3EFF916A184A2F550082E11C /* PBXTargetDependency */ = {
			isa = PBXTargetDependency;
			target = 3EFF9152184A2F550082E11C /* CBPFoundation */;
			targetProxy = 3EFF9169184A2F550082E11C /* PBXContainerItemProxy */;
		};
/* End PBXTargetDependency section */

/* Begin PBXVariantGroup section */
		3EFF916F184A2F550082E11C /* InfoPlist.strings */ = {
			isa = PBXVariantGroup;
			children = (
				3EFF9170184A2F550082E11C /* en */,
			);
			name = InfoPlist.strings;
			sourceTree = "<group>";
		};
/* End PBXVariantGroup section */

/* Begin XCBuildConfiguration section */
		3EFF9174184A2F550082E11C /* Debug */ = {
			isa = XCBuildConfiguration;
			buildSettings = {
				ALWAYS_SEARCH_USER_PATHS = NO;
				CLANG_CXX_LANGUAGE_STANDARD = "gnu++0x";
				CLANG_CXX_LIBRARY = "libc++";
				CLANG_ENABLE_MODULES = YES;
				CLANG_ENABLE_OBJC_ARC = YES;
				CLANG_WARN_BOOL_CONVERSION = YES;
				CLANG_WARN_CONSTANT_CONVERSION = YES;
				CLANG_WARN_DIRECT_OBJC_ISA_USAGE = YES_ERROR;
				CLANG_WARN_EMPTY_BODY = YES;
				CLANG_WARN_ENUM_CONVERSION = YES;
				CLANG_WARN_INT_CONVERSION = YES;
				CLANG_WARN_OBJC_ROOT_CLASS = YES_ERROR;
				CLANG_WARN__DUPLICATE_METHOD_MATCH = YES;
				COPY_PHASE_STRIP = NO;
				GCC_C_LANGUAGE_STANDARD = gnu99;
				GCC_DYNAMIC_NO_PIC = NO;
				GCC_OPTIMIZATION_LEVEL = 0;
				GCC_PREPROCESSOR_DEFINITIONS = (
					"DEBUG=1",
					"$(inherited)",
				);
				GCC_SYMBOLS_PRIVATE_EXTERN = NO;
				GCC_WARN_64_TO_32_BIT_CONVERSION = YES;
				GCC_WARN_ABOUT_RETURN_TYPE = YES_ERROR;
				GCC_WARN_UNDECLARED_SELECTOR = YES;
				GCC_WARN_UNINITIALIZED_AUTOS = YES;
				GCC_WARN_UNUSED_FUNCTION = YES;
				GCC_WARN_UNUSED_VARIABLE = YES;
				IPHONEOS_DEPLOYMENT_TARGET = 7.0;
				ONLY_ACTIVE_ARCH = YES;
				SDKROOT = iphoneos;
			};
			name = Debug;
		};
		3EFF9175184A2F550082E11C /* Release */ = {
			isa = XCBuildConfiguration;
			buildSettings = {
				ALWAYS_SEARCH_USER_PATHS = NO;
				CLANG_CXX_LANGUAGE_STANDARD = "gnu++0x";
				CLANG_CXX_LIBRARY = "libc++";
				CLANG_ENABLE_MODULES = YES;
				CLANG_ENABLE_OBJC_ARC = YES;
				CLANG_WARN_BOOL_CONVERSION = YES;
				CLANG_WARN_CONSTANT_CONVERSION = YES;
				CLANG_WARN_DIRECT_OBJC_ISA_USAGE = YES_ERROR;
				CLANG_WARN_EMPTY_BODY = YES;
				CLANG_WARN_ENUM_CONVERSION = YES;
				CLANG_WARN_INT_CONVERSION = YES;
				CLANG_WARN_OBJC_ROOT_CLASS = YES_ERROR;
				CLANG_WARN__DUPLICATE_METHOD_MATCH = YES;
				COPY_PHASE_STRIP = YES;
				ENABLE_NS_ASSERTIONS = NO;
				GCC_C_LANGUAGE_STANDARD = gnu99;
				GCC_WARN_64_TO_32_BIT_CONVERSION = YES;
				GCC_WARN_ABOUT_RETURN_TYPE = YES_ERROR;
				GCC_WARN_UNDECLARED_SELECTOR = YES;
				GCC_WARN_UNINITIALIZED_AUTOS = YES;
				GCC_WARN_UNUSED_FUNCTION = YES;
				GCC_WARN_UNUSED_VARIABLE = YES;
				IPHONEOS_DEPLOYMENT_TARGET = 7.0;
				SDKROOT = iphoneos;
				VALIDATE_PRODUCT = YES;
			};
			name = Release;
		};
		3EFF9177184A2F550082E11C /* Debug */ = {
			isa = XCBuildConfiguration;
			buildSettings = {
				DSTROOT = /tmp/CBPFoundation.dst;
				GCC_PRECOMPILE_PREFIX_HEADER = YES;
				GCC_PREFIX_HEADER = "CBPFoundation/CBPFoundation-Prefix.pch";
				GCC_TREAT_WARNINGS_AS_ERRORS = YES;
				IPHONEOS_DEPLOYMENT_TARGET = 5.1;
				ONLY_ACTIVE_ARCH = NO;
				OTHER_LDFLAGS = "-ObjC";
				PRODUCT_NAME = "$(TARGET_NAME)";
				SKIP_INSTALL = YES;
				TARGETED_DEVICE_FAMILY = "1,2";
				VALID_ARCHS = "arm64 armv7 armv7s";
				WARNING_CFLAGS = (
					"-Weverything",
					"-Wno-objc-missing-property-synthesis",
				);
			};
			name = Debug;
		};
		3EFF9178184A2F550082E11C /* Release */ = {
			isa = XCBuildConfiguration;
			buildSettings = {
				DSTROOT = /tmp/CBPFoundation.dst;
				GCC_PRECOMPILE_PREFIX_HEADER = YES;
				GCC_PREFIX_HEADER = "CBPFoundation/CBPFoundation-Prefix.pch";
				GCC_TREAT_WARNINGS_AS_ERRORS = YES;
				IPHONEOS_DEPLOYMENT_TARGET = 5.1;
				OTHER_LDFLAGS = "-ObjC";
				PRODUCT_NAME = "$(TARGET_NAME)";
				SKIP_INSTALL = YES;
				TARGETED_DEVICE_FAMILY = "1,2";
				VALID_ARCHS = "arm64 armv7 armv7s";
				WARNING_CFLAGS = (
					"-Weverything",
					"-Wno-objc-missing-property-synthesis",
				);
			};
			name = Release;
		};
		3EFF917A184A2F550082E11C /* Debug */ = {
			isa = XCBuildConfiguration;
			buildSettings = {
				FRAMEWORK_SEARCH_PATHS = (
					"$(SDKROOT)/Developer/Library/Frameworks",
					"$(inherited)",
					"$(DEVELOPER_FRAMEWORKS_DIR)",
				);
				GCC_PRECOMPILE_PREFIX_HEADER = YES;
				GCC_PREFIX_HEADER = "CBPFoundation/CBPFoundation-Prefix.pch";
				GCC_PREPROCESSOR_DEFINITIONS = (
					"DEBUG=1",
					"$(inherited)",
				);
				INFOPLIST_FILE = "CBPFoundationTests/CBPFoundationTests-Info.plist";
				PRODUCT_NAME = "$(TARGET_NAME)";
				WRAPPER_EXTENSION = xctest;
			};
			name = Debug;
		};
		3EFF917B184A2F550082E11C /* Release */ = {
			isa = XCBuildConfiguration;
			buildSettings = {
				FRAMEWORK_SEARCH_PATHS = (
					"$(SDKROOT)/Developer/Library/Frameworks",
					"$(inherited)",
					"$(DEVELOPER_FRAMEWORKS_DIR)",
				);
				GCC_PRECOMPILE_PREFIX_HEADER = YES;
				GCC_PREFIX_HEADER = "CBPFoundation/CBPFoundation-Prefix.pch";
				INFOPLIST_FILE = "CBPFoundationTests/CBPFoundationTests-Info.plist";
				PRODUCT_NAME = "$(TARGET_NAME)";
				WRAPPER_EXTENSION = xctest;
			};
			name = Release;
		};
/* End XCBuildConfiguration section */

/* Begin XCConfigurationList section */
		3EFF914E184A2F550082E11C /* Build configuration list for PBXProject "CBPFoundation" */ = {
			isa = XCConfigurationList;
			buildConfigurations = (
				3EFF9174184A2F550082E11C /* Debug */,
				3EFF9175184A2F550082E11C /* Release */,
			);
			defaultConfigurationIsVisible = 0;
			defaultConfigurationName = Release;
		};
		3EFF9176184A2F550082E11C /* Build configuration list for PBXNativeTarget "CBPFoundation" */ = {
			isa = XCConfigurationList;
			buildConfigurations = (
				3EFF9177184A2F550082E11C /* Debug */,
				3EFF9178184A2F550082E11C /* Release */,
			);
			defaultConfigurationIsVisible = 0;
			defaultConfigurationName = Release;
		};
		3EFF9179184A2F550082E11C /* Build configuration list for PBXNativeTarget "CBPFoundationTests" */ = {
			isa = XCConfigurationList;
			buildConfigurations = (
				3EFF917A184A2F550082E11C /* Debug */,
				3EFF917B184A2F550082E11C /* Release */,
			);
			defaultConfigurationIsVisible = 0;
			defaultConfigurationName = Release;
		};
/* End XCConfigurationList section */
	};
	rootObject = 3EFF914B184A2F550082E11C /* Project object */;
}
